
Microsoft Visual Studio Solution File, Format Version 12.00
# Visual Studio Version 17
VisualStudioVersion = 17.13.35825.156 d17.13
MinimumVisualStudioVersion = 10.0.40219.1
Project("{FAE04EC0-301F-11D3-BF4B-00C04F79EFBC}") = "ejercicion1sem-3", "ejercicion1sem-3.csproj", "{3D24AC16-BD30-4F12-A1F0-BADFDE16AF01}"
EndProject
Project("{FAE04EC0-301F-11D3-BF4B-00C04F79EFBC}") = "semana_3 ejercicio2", "..\semana_3 ejercicio2\semana_3 ejercicio2.csproj", "{B414DF23-D9A7-48F8-AD54-7925B7A824F2}"
EndProject
Global
	GlobalSection(SolutionConfigurationPlatforms) = preSolution
		Debug|Any CPU = Debug|Any CPU
		Release|Any CPU = Release|Any CPU
	EndGlobalSection
	GlobalSection(ProjectConfigurationPlatforms) = postSolution
		{3D24AC16-BD30-4F12-A1F0-BADFDE16AF01}.Debug|Any CPU.ActiveCfg = Debug|Any CPU
		{3D24AC16-BD30-4F12-A1F0-BADFDE16AF01}.Debug|Any CPU.Build.0 = Debug|Any CPU
		{3D24AC16-BD30-4F12-A1F0-BADFDE16AF01}.Release|Any CPU.ActiveCfg = Release|Any CPU
		{3D24AC16-BD30-4F12-A1F0-BADFDE16AF01}.Release|Any CPU.Build.0 = Release|Any CPU
		{B414DF23-D9A7-48F8-AD54-7925B7A824F2}.Debug|Any CPU.ActiveCfg = Debug|Any CPU
		{B414DF23-D9A7-48F8-AD54-7925B7A824F2}.Debug|Any CPU.Build.0 = Debug|Any CPU
		{B414DF23-D9A7-48F8-AD54-7925B7A824F2}.Release|Any CPU.ActiveCfg = Release|Any CPU
		{B414DF23-D9A7-48F8-AD54-7925B7A824F2}.Release|Any CPU.Build.0 = Release|Any CPU
	EndGlobalSection
	GlobalSection(SolutionProperties) = preSolution
		HideSolutionNode = FALSE
	EndGlobalSection
	GlobalSection(ExtensibilityGlobals) = postSolution
		SolutionGuid = {290BDC82-20AB-45A9-88BB-6FFAE4FD5C0F}
	EndGlobalSection
EndGlobal
